// !$*UTF8*$!
{
	archiveVersion = 1;
	classes = {
	};
	objectVersion = 46;
	objects = {

/* Begin PBXBuildFile section */
		059279EB1FD063DA00EC1735 /* AppDelegate.swift in Sources */ = {isa = PBXBuildFile; fileRef = 059279EA1FD063DA00EC1735 /* AppDelegate.swift */; };
		059279F01FD063DA00EC1735 /* Main.storyboard in Resources */ = {isa = PBXBuildFile; fileRef = 059279EE1FD063DA00EC1735 /* Main.storyboard */; };
		059279F21FD063DA00EC1735 /* Assets.xcassets in Resources */ = {isa = PBXBuildFile; fileRef = 059279F11FD063DA00EC1735 /* Assets.xcassets */; };
		059279F51FD063DA00EC1735 /* LaunchScreen.storyboard in Resources */ = {isa = PBXBuildFile; fileRef = 059279F31FD063DA00EC1735 /* LaunchScreen.storyboard */; };
		059279FD1FD0678F00EC1735 /* ContactTableViewController.swift in Sources */ = {isa = PBXBuildFile; fileRef = 059279FC1FD0678F00EC1735 /* ContactTableViewController.swift */; };
		059279FF1FD0683600EC1735 /* TableViewCell.swift in Sources */ = {isa = PBXBuildFile; fileRef = 059279FE1FD0683600EC1735 /* TableViewCell.swift */; };
		05927A011FD06B7700EC1735 /* Contact.swift in Sources */ = {isa = PBXBuildFile; fileRef = 05927A001FD06B7700EC1735 /* Contact.swift */; };
		05927A051FD0780500EC1735 /* ProfileViewCotroller.swift in Sources */ = {isa = PBXBuildFile; fileRef = 05927A041FD0780500EC1735 /* ProfileViewCotroller.swift */; };
/* End PBXBuildFile section */

/* Begin PBXFileReference section */
		059279E71FD063DA00EC1735 /* TableViewChalenge04.app */ = {isa = PBXFileReference; explicitFileType = wrapper.application; includeInIndex = 0; path = TableViewChalenge04.app; sourceTree = BUILT_PRODUCTS_DIR; };
		059279EA1FD063DA00EC1735 /* AppDelegate.swift */ = {isa = PBXFileReference; lastKnownFileType = sourcecode.swift; path = AppDelegate.swift; sourceTree = "<group>"; };
		059279EF1FD063DA00EC1735 /* Base */ = {isa = PBXFileReference; lastKnownFileType = file.storyboard; name = Base; path = Base.lproj/Main.storyboard; sourceTree = "<group>"; };
		059279F11FD063DA00EC1735 /* Assets.xcassets */ = {isa = PBXFileReference; lastKnownFileType = folder.assetcatalog; path = Assets.xcassets; sourceTree = "<group>"; };
		059279F41FD063DA00EC1735 /* Base */ = {isa = PBXFileReference; lastKnownFileType = file.storyboard; name = Base; path = Base.lproj/LaunchScreen.storyboard; sourceTree = "<group>"; };
		059279F61FD063DA00EC1735 /* Info.plist */ = {isa = PBXFileReference; lastKnownFileType = text.plist.xml; path = Info.plist; sourceTree = "<group>"; };
		059279FC1FD0678F00EC1735 /* ContactTableViewController.swift */ = {isa = PBXFileReference; fileEncoding = 4; lastKnownFileType = sourcecode.swift; path = ContactTableViewController.swift; sourceTree = "<group>"; };
		059279FE1FD0683600EC1735 /* TableViewCell.swift */ = {isa = PBXFileReference; fileEncoding = 4; lastKnownFileType = sourcecode.swift; path = TableViewCell.swift; sourceTree = "<group>"; };
		05927A001FD06B7700EC1735 /* Contact.swift */ = {isa = PBXFileReference; fileEncoding = 4; lastKnownFileType = sourcecode.swift; path = Contact.swift; sourceTree = "<group>"; };
		05927A041FD0780500EC1735 /* ProfileViewCotroller.swift */ = {isa = PBXFileReference; fileEncoding = 4; lastKnownFileType = sourcecode.swift; name = ProfileViewCotroller.swift; path = ../ProfileViewCotroller.swift; sourceTree = "<group>"; };
/* End PBXFileReference section */

/* Begin PBXFrameworksBuildPhase section */
		059279E41FD063DA00EC1735 /* Frameworks */ = {
			isa = PBXFrameworksBuildPhase;
			buildActionMask = 2147483647;
			files = (
			);
			runOnlyForDeploymentPostprocessing = 0;
		};
/* End PBXFrameworksBuildPhase section */

/* Begin PBXGroup section */
		059279DE1FD063DA00EC1735 = {
			isa = PBXGroup;
			children = (
				059279E91FD063DA00EC1735 /* TableViewChalenge04 */,
				059279E81FD063DA00EC1735 /* Products */,
			);
			sourceTree = "<group>";
		};
		059279E81FD063DA00EC1735 /* Products */ = {
			isa = PBXGroup;
			children = (
				059279E71FD063DA00EC1735 /* TableViewChalenge04.app */,
			);
			name = Products;
			sourceTree = "<group>";
		};
		059279E91FD063DA00EC1735 /* TableViewChalenge04 */ = {
			isa = PBXGroup;
			children = (
				05927A041FD0780500EC1735 /* ProfileViewCotroller.swift */,
				059279EA1FD063DA00EC1735 /* AppDelegate.swift */,
				059279EE1FD063DA00EC1735 /* Main.storyboard */,
				059279FC1FD0678F00EC1735 /* ContactTableViewController.swift */,
				059279F11FD063DA00EC1735 /* Assets.xcassets */,
				059279F31FD063DA00EC1735 /* LaunchScreen.storyboard */,
				059279F61FD063DA00EC1735 /* Info.plist */,
				059279FE1FD0683600EC1735 /* TableViewCell.swift */,
				05927A001FD06B7700EC1735 /* Contact.swift */,
			);
			path = TableViewChalenge04;
			sourceTree = "<group>";
		};
/* End PBXGroup section */

/* Begin PBXNativeTarget section */
		059279E61FD063DA00EC1735 /* TableViewChalenge04 */ = {
			isa = PBXNativeTarget;
			buildConfigurationList = 059279F91FD063DA00EC1735 /* Build configuration list for PBXNativeTarget "TableViewChalenge04" */;
			buildPhases = (
				059279E31FD063DA00EC1735 /* Sources */,
				059279E41FD063DA00EC1735 /* Frameworks */,
				059279E51FD063DA00EC1735 /* Resources */,
			);
			buildRules = (
			);
			dependencies = (
			);
			name = TableViewChalenge04;
			productName = TableViewChalenge04;
			productReference = 059279E71FD063DA00EC1735 /* TableViewChalenge04.app */;
			productType = "com.apple.product-type.application";
		};
/* End PBXNativeTarget section */

/* Begin PBXProject section */
		059279DF1FD063DA00EC1735 /* Project object */ = {
			isa = PBXProject;
			attributes = {
				LastSwiftUpdateCheck = 0810;
				LastUpgradeCheck = 0810;
				ORGANIZATIONNAME = "PEDRO HENRIQUE PEREIRA ELIAS DOS SANTOS";
				TargetAttributes = {
					059279E61FD063DA00EC1735 = {
						CreatedOnToolsVersion = 8.1;
						ProvisioningStyle = Automatic;
					};
				};
			};
			buildConfigurationList = 059279E21FD063DA00EC1735 /* Build configuration list for PBXProject "TableViewChalenge04" */;
			compatibilityVersion = "Xcode 3.2";
			developmentRegion = English;
			hasScannedForEncodings = 0;
			knownRegions = (
				en,
				Base,
			);
			mainGroup = 059279DE1FD063DA00EC1735;
			productRefGroup = 059279E81FD063DA00EC1735 /* Products */;
			projectDirPath = "";
			projectRoot = "";
			targets = (
				059279E61FD063DA00EC1735 /* TableViewChalenge04 */,
			);
		};
/* End PBXProject section */

/* Begin PBXResourcesBuildPhase section */
		059279E51FD063DA00EC1735 /* Resources */ = {
			isa = PBXResourcesBuildPhase;
			buildActionMask = 2147483647;
			files = (
				059279F51FD063DA00EC1735 /* LaunchScreen.storyboard in Resources */,
				059279F21FD063DA00EC1735 /* Assets.xcassets in Resources */,
				059279F01FD063DA00EC1735 /* Main.storyboard in Resources */,
			);
			runOnlyForDeploymentPostprocessing = 0;
		};
/* End PBXResourcesBuildPhase section */

/* Begin PBXSourcesBuildPhase section */
		059279E31FD063DA00EC1735 /* Sources */ = {
			isa = PBXSourcesBuildPhase;
			buildActionMask = 2147483647;
			files = (
				05927A011FD06B7700EC1735 /* Contact.swift in Sources */,
				05927A051FD0780500EC1735 /* ProfileViewCotroller.swift in Sources */,
				059279FF1FD0683600EC1735 /* TableViewCell.swift in Sources */,
				059279FD1FD0678F00EC1735 /* ContactTableViewController.swift in Sources */,
				059279EB1FD063DA00EC1735 /* AppDelegate.swift in Sources */,
			);
			runOnlyForDeploymentPostprocessing = 0;
		};
/* End PBXSourcesBuildPhase section */

/* Begin PBXVariantGroup section */
		059279EE1FD063DA00EC1735 /* Main.storyboard */ = {
			isa = PBXVariantGroup;
			children = (
				059279EF1FD063DA00EC1735 /* Base */,
			);
			name = Main.storyboard;
			sourceTree = "<group>";
		};
		059279F31FD063DA00EC1735 /* LaunchScreen.storyboard */ = {
			isa = PBXVariantGroup;
			children = (
				059279F41FD063DA00EC1735 /* Base */,
			);
			name = LaunchScreen.storyboard;
			sourceTree = "<group>";
		};
/* End PBXVariantGroup section */

/* Begin XCBuildConfiguration section */
		059279F71FD063DA00EC1735 /* Debug */ = {
			isa = XCBuildConfiguration;
			buildSettings = {
				ALWAYS_SEARCH_USER_PATHS = NO;
				CLANG_ANALYZER_NONNULL = YES;
				CLANG_CXX_LANGUAGE_STANDARD = "gnu++0x";
				CLANG_CXX_LIBRARY = "libc++";
				CLANG_ENABLE_MODULES = YES;
				CLANG_ENABLE_OBJC_ARC = YES;
				CLANG_WARN_BOOL_CONVERSION = YES;
				CLANG_WARN_CONSTANT_CONVERSION = YES;
				CLANG_WARN_DIRECT_OBJC_ISA_USAGE = YES_ERROR;
				CLANG_WARN_DOCUMENTATION_COMMENTS = YES;
				CLANG_WARN_EMPTY_BODY = YES;
				CLANG_WARN_ENUM_CONVERSION = YES;
				CLANG_WARN_INFINITE_RECURSION = YES;
				CLANG_WARN_INT_CONVERSION = YES;
				CLANG_WARN_OBJC_ROOT_CLASS = YES_ERROR;
				CLANG_WARN_SUSPICIOUS_MOVES = YES;
				CLANG_WARN_UNREACHABLE_CODE = YES;
				CLANG_WARN__DUPLICATE_METHOD_MATCH = YES;
				"CODE_SIGN_IDENTITY[sdk=iphoneos*]" = "iPhone Developer";
				COPY_PHASE_STRIP = NO;
				DEBUG_INFORMATION_FORMAT = dwarf;
				ENABLE_STRICT_OBJC_MSGSEND = YES;
				ENABLE_TESTABILITY = YES;
				GCC_C_LANGUAGE_STANDARD = gnu99;
				GCC_DYNAMIC_NO_PIC = NO;
				GCC_NO_COMMON_BLOCKS = YES;
				GCC_OPTIMIZATION_LEVEL = 0;
				GCC_PREPROCESSOR_DEFINITIONS = (
					"DEBUG=1",
					"$(inherited)",
				);
				GCC_WARN_64_TO_32_BIT_CONVERSION = YES;
				GCC_WARN_ABOUT_RETURN_TYPE = YES_ERROR;
				GCC_WARN_UNDECLARED_SELECTOR = YES;
				GCC_WARN_UNINITIALIZED_AUTOS = YES_AGGRESSIVE;
				GCC_WARN_UNUSED_FUNCTION = YES;
				GCC_WARN_UNUSED_VARIABLE = YES;
				IPHONEOS_DEPLOYMENT_TARGET = 10.1;
				MTL_ENABLE_DEBUG_INFO = YES;
				ONLY_ACTIVE_ARCH = YES;
				SDKROOT = iphoneos;
				SWIFT_ACTIVE_COMPILATION_CONDITIONS = DEBUG;
				SWIFT_OPTIMIZATION_LEVEL = "-Onone";
				TARGETED_DEVICE_FAMILY = "1,2";
			};
			name = Debug;
		};
		059279F81FD063DA00EC1735 /* Release */ = {
			isa = XCBuildConfiguration;
			buildSettings = {
				ALWAYS_SEARCH_USER_PATHS = NO;
				CLANG_ANALYZER_NONNULL = YES;
				CLANG_CXX_LANGUAGE_STANDARD = "gnu++0x";
				CLANG_CXX_LIBRARY = "libc++";
				CLANG_ENABLE_MODULES = YES;
				CLANG_ENABLE_OBJC_ARC = YES;
				CLANG_WARN_BOOL_CONVERSION = YES;
				CLANG_WARN_CONSTANT_CONVERSION = YES;
				CLANG_WARN_DIRECT_OBJC_ISA_USAGE = YES_ERROR;
				CLANG_WARN_DOCUMENTATION_COMMENTS = YES;
				CLANG_WARN_EMPTY_BODY = YES;
				CLANG_WARN_ENUM_CONVERSION = YES;
				CLANG_WARN_INFINITE_RECURSION = YES;
				CLANG_WARN_INT_CONVERSION = YES;
				CLANG_WARN_OBJC_ROOT_CLASS = YES_ERROR;
				CLANG_WARN_SUSPICIOUS_MOVES = YES;
				CLANG_WARN_UNREACHABLE_CODE = YES;
				CLANG_WARN__DUPLICATE_METHOD_MATCH = YES;
				"CODE_SIGN_IDENTITY[sdk=iphoneos*]" = "iPhone Developer";
				COPY_PHASE_STRIP = NO;
				DEBUG_INFORMATION_FORMAT = "dwarf-with-dsym";
				ENABLE_NS_ASSERTIONS = NO;
				ENABLE_STRICT_OBJC_MSGSEND = YES;
				GCC_C_LANGUAGE_STANDARD = gnu99;
				GCC_NO_COMMON_BLOCKS = YES;
				GCC_WARN_64_TO_32_BIT_CONVERSION = YES;
				GCC_WARN_ABOUT_RETURN_TYPE = YES_ERROR;
				GCC_WARN_UNDECLARED_SELECTOR = YES;
				GCC_WARN_UNINITIALIZED_AUTOS = YES_AGGRESSIVE;
				GCC_WARN_UNUSED_FUNCTION = YES;
				GCC_WARN_UNUSED_VARIABLE = YES;
				IPHONEOS_DEPLOYMENT_TARGET = 10.1;
				MTL_ENABLE_DEBUG_INFO = NO;
				SDKROOT = iphoneos;
				SWIFT_OPTIMIZATION_LEVEL = "-Owholemodule";
				TARGETED_DEVICE_FAMILY = "1,2";
				VALIDATE_PRODUCT = YES;
			};
			name = Release;
		};
		059279FA1FD063DA00EC1735 /* Debug */ = {
			isa = XCBuildConfiguration;
			buildSettings = {
				ASSETCATALOG_COMPILER_APPICON_NAME = AppIcon;
				INFOPLIST_FILE = TableViewChalenge04/Info.plist;
				LD_RUNPATH_SEARCH_PATHS = "$(inherited) @executable_path/Frameworks";
				PRODUCT_BUNDLE_IDENTIFIER = com.pedro.TableViewChalenge04;
				PRODUCT_NAME = "$(TARGET_NAME)";
				SWIFT_VERSION = 3.0;
			};
			name = Debug;
		};
		059279FB1FD063DA00EC1735 /* Release */ = {
			isa = XCBuildConfiguration;
			buildSettings = {
				ASSETCATALOG_COMPILER_APPICON_NAME = AppIcon;
				INFOPLIST_FILE = TableViewChalenge04/Info.plist;
				LD_RUNPATH_SEARCH_PATHS = "$(inherited) @executable_path/Frameworks";
				PRODUCT_BUNDLE_IDENTIFIER = com.pedro.TableViewChalenge04;
				PRODUCT_NAME = "$(TARGET_NAME)";
				SWIFT_VERSION = 3.0;
			};
			name = Release;
		};
/* End XCBuildConfiguration section */

/* Begin XCConfigurationList section */
		059279E21FD063DA00EC1735 /* Build configuration list for PBXProject "TableViewChalenge04" */ = {
			isa = XCConfigurationList;
			buildConfigurations = (
				059279F71FD063DA00EC1735 /* Debug */,
				059279F81FD063DA00EC1735 /* Release */,
			);
			defaultConfigurationIsVisible = 0;
			defaultConfigurationName = Release;
		};
		059279F91FD063DA00EC1735 /* Build configuration list for PBXNativeTarget "TableViewChalenge04" */ = {
			isa = XCConfigurationList;
			buildConfigurations = (
				059279FA1FD063DA00EC1735 /* Debug */,
				059279FB1FD063DA00EC1735 /* Release */,
			);
			defaultConfigurationIsVisible = 0;
			defaultConfigurationName = Release;
		};
/* End XCConfigurationList section */
	};
	rootObject = 059279DF1FD063DA00EC1735 /* Project object */;
}
